
Microsoft Visual Studio Solution File, Format Version 12.00
# Visual Studio 15
VisualStudioVersion = 15.0.27130.2024
MinimumVisualStudioVersion = 10.0.40219.1
Project("{FAE04EC0-301F-11D3-BF4B-00C04F79EFBC}") = "Cloud_Connectiv_Task", "Cloud_Connectiv_Task\Cloud_Connectiv_Task.csproj", "{0541B7DD-393A-4C4B-8A16-F7836D9A061C}"
EndProject
Project("{FAE04EC0-301F-11D3-BF4B-00C04F79EFBC}") = "TestTASK", "TestTASK\TestTASK.csproj", "{14F91D9D-88C2-4851-84DA-00CD84C1B495}"
EndProject
Global
	GlobalSection(SolutionConfigurationPlatforms) = preSolution
		Debug|Any CPU = Debug|Any CPU
		Release|Any CPU = Release|Any CPU
	EndGlobalSection
	GlobalSection(ProjectConfigurationPlatforms) = postSolution
		{0541B7DD-393A-4C4B-8A16-F7836D9A061C}.Debug|Any CPU.ActiveCfg = Debug|Any CPU
		{0541B7DD-393A-4C4B-8A16-F7836D9A061C}.Debug|Any CPU.Build.0 = Debug|Any CPU
		{0541B7DD-393A-4C4B-8A16-F7836D9A061C}.Release|Any CPU.ActiveCfg = Release|Any CPU
		{0541B7DD-393A-4C4B-8A16-F7836D9A061C}.Release|Any CPU.Build.0 = Release|Any CPU
		{14F91D9D-88C2-4851-84DA-00CD84C1B495}.Debug|Any CPU.ActiveCfg = Debug|Any CPU
		{14F91D9D-88C2-4851-84DA-00CD84C1B495}.Debug|Any CPU.Build.0 = Debug|Any CPU
		{14F91D9D-88C2-4851-84DA-00CD84C1B495}.Release|Any CPU.ActiveCfg = Release|Any CPU
		{14F91D9D-88C2-4851-84DA-00CD84C1B495}.Release|Any CPU.Build.0 = Release|Any CPU
	EndGlobalSection
	GlobalSection(SolutionProperties) = preSolution
		HideSolutionNode = FALSE
	EndGlobalSection
	GlobalSection(ExtensibilityGlobals) = postSolution
		SolutionGuid = {3F3E8158-F9A7-4BC4-AAF7-2FA33E8F81E6}
	EndGlobalSection
EndGlobal
